Microsoft Visual Studio Solution File, Format Version 11.00
# Visual Studio 2008

Project("{010AF82F-2FDA-75E2-C827-B7A9C8BD724B}") = "PuzzlePrototype", "Assembly-CSharp-firstpass.csproj", "{73C402AB-220B-E851-4BC9-75A1C2CCC88C}"
EndProject
Project("{010AF82F-2FDA-75E2-C827-B7A9C8BD724B}") = "PuzzlePrototype", "Assembly-CSharp.csproj", "{5E3C3D05-3559-18A3-18D2-DC755F85EA89}"
EndProject
Project("{010AF82F-2FDA-75E2-C827-B7A9C8BD724B}") = "PuzzlePrototype", "Assembly-CSharp-Editor.csproj", "{9891B55D-0C03-38C1-2581-B467FCC4AD86}"
EndProject
Project("{010AF82F-2FDA-75E2-C827-B7A9C8BD724B}") = "PuzzlePrototype", "Assembly-UnityScript-firstpass.unityproj", "{2182E35C-58AD-D05C-7C46-31A354D4836D}"
EndProject
Project("{010AF82F-2FDA-75E2-C827-B7A9C8BD724B}") = "PuzzlePrototype", "Assembly-UnityScript.unityproj", "{AD684A68-6EA2-FBED-BAF6-30798685EAEC}"
EndProject
Global
	GlobalSection(SolutionConfigurationPlatforms) = preSolution
		Debug|Any CPU = Debug|Any CPU
		Release|Any CPU = Release|Any CPU
	EndGlobalSection
	GlobalSection(ProjectConfigurationPlatforms) = postSolution
		{73C402AB-220B-E851-4BC9-75A1C2CCC88C}.Debug|Any CPU.ActiveCfg = Debug|Any CPU
		{73C402AB-220B-E851-4BC9-75A1C2CCC88C}.Debug|Any CPU.Build.0 = Debug|Any CPU
		{73C402AB-220B-E851-4BC9-75A1C2CCC88C}.Release|Any CPU.ActiveCfg = Release|Any CPU
		{73C402AB-220B-E851-4BC9-75A1C2CCC88C}.Release|Any CPU.Build.0 = Release|Any CPU
		{5E3C3D05-3559-18A3-18D2-DC755F85EA89}.Debug|Any CPU.ActiveCfg = Debug|Any CPU
		{5E3C3D05-3559-18A3-18D2-DC755F85EA89}.Debug|Any CPU.Build.0 = Debug|Any CPU
		{5E3C3D05-3559-18A3-18D2-DC755F85EA89}.Release|Any CPU.ActiveCfg = Release|Any CPU
		{5E3C3D05-3559-18A3-18D2-DC755F85EA89}.Release|Any CPU.Build.0 = Release|Any CPU
		{9891B55D-0C03-38C1-2581-B467FCC4AD86}.Debug|Any CPU.ActiveCfg = Debug|Any CPU
		{9891B55D-0C03-38C1-2581-B467FCC4AD86}.Debug|Any CPU.Build.0 = Debug|Any CPU
		{9891B55D-0C03-38C1-2581-B467FCC4AD86}.Release|Any CPU.ActiveCfg = Release|Any CPU
		{9891B55D-0C03-38C1-2581-B467FCC4AD86}.Release|Any CPU.Build.0 = Release|Any CPU
		{2182E35C-58AD-D05C-7C46-31A354D4836D}.Debug|Any CPU.ActiveCfg = Debug|Any CPU
		{2182E35C-58AD-D05C-7C46-31A354D4836D}.Debug|Any CPU.Build.0 = Debug|Any CPU
		{2182E35C-58AD-D05C-7C46-31A354D4836D}.Release|Any CPU.ActiveCfg = Release|Any CPU
		{2182E35C-58AD-D05C-7C46-31A354D4836D}.Release|Any CPU.Build.0 = Release|Any CPU
		{AD684A68-6EA2-FBED-BAF6-30798685EAEC}.Debug|Any CPU.ActiveCfg = Debug|Any CPU
		{AD684A68-6EA2-FBED-BAF6-30798685EAEC}.Debug|Any CPU.Build.0 = Debug|Any CPU
		{AD684A68-6EA2-FBED-BAF6-30798685EAEC}.Release|Any CPU.ActiveCfg = Release|Any CPU
		{AD684A68-6EA2-FBED-BAF6-30798685EAEC}.Release|Any CPU.Build.0 = Release|Any CPU
	EndGlobalSection
	GlobalSection(SolutionProperties) = preSolution
		HideSolutionNode = FALSE
	EndGlobalSection
																																															GlobalSection(MonoDevelopProperties) = preSolution
		StartupItem = Assembly-CSharp.csproj
		Policies = $0
		$0.TextStylePolicy = $1
		$1.inheritsSet = null
		$1.scope = text/x-csharp
		$0.CSharpFormattingPolicy = $2
		$2.inheritsSet = Mono
		$2.inheritsScope = text/x-csharp
		$2.scope = text/x-csharp
		$0.TextStylePolicy = $3
		$3.FileWidth = 120
		$3.TabWidth = 4
		$3.EolMarker = Unix
		$3.inheritsSet = Mono
		$3.inheritsScope = text/plain
		$3.scope = text/plain
	EndGlobalSection

EndGlobal
